
Microsoft Visual Studio Solution File, Format Version 12.00
# Visual Studio Version 17
VisualStudioVersion = 17.3.32819.101
MinimumVisualStudioVersion = 10.0.40219.1
Project("{FAE04EC0-301F-11D3-BF4B-00C04F79EFBC}") = "Top Lanches", "Top Lanches\Top Lanches.csproj", "{234666F8-7514-4170-AB6D-C3016A8785EC}"
EndProject
Global
	GlobalSection(SolutionConfigurationPlatforms) = preSolution
		Debug|Any CPU = Debug|Any CPU
		Release|Any CPU = Release|Any CPU
	EndGlobalSection
	GlobalSection(ProjectConfigurationPlatforms) = postSolution
		{234666F8-7514-4170-AB6D-C3016A8785EC}.Debug|Any CPU.ActiveCfg = Debug|Any CPU
		{234666F8-7514-4170-AB6D-C3016A8785EC}.Debug|Any CPU.Build.0 = Debug|Any CPU
		{234666F8-7514-4170-AB6D-C3016A8785EC}.Release|Any CPU.ActiveCfg = Release|Any CPU
		{234666F8-7514-4170-AB6D-C3016A8785EC}.Release|Any CPU.Build.0 = Release|Any CPU
	EndGlobalSection
	GlobalSection(SolutionProperties) = preSolution
		HideSolutionNode = FALSE
	EndGlobalSection
	GlobalSection(ExtensibilityGlobals) = postSolution
		SolutionGuid = {9731530A-E7C8-4CC8-83FA-24FA5D2D9CCC}
	EndGlobalSection
EndGlobal
